
Microsoft Visual Studio Solution File, Format Version 12.00
# Visual Studio Version 17
VisualStudioVersion = 17.8.34322.80
MinimumVisualStudioVersion = 10.0.40219.1
Project("{FAE04EC0-301F-11D3-BF4B-00C04F79EFBC}") = "maze game", "maze game.csproj", "{7A7F1EFF-8993-4B6F-A170-20AADC34F5DE}"
EndProject
Global
	GlobalSection(SolutionConfigurationPlatforms) = preSolution
		Debug|Any CPU = Debug|Any CPU
		Release|Any CPU = Release|Any CPU
	EndGlobalSection
	GlobalSection(ProjectConfigurationPlatforms) = postSolution
		{7A7F1EFF-8993-4B6F-A170-20AADC34F5DE}.Debug|Any CPU.ActiveCfg = Debug|Any CPU
		{7A7F1EFF-8993-4B6F-A170-20AADC34F5DE}.Debug|Any CPU.Build.0 = Debug|Any CPU
		{7A7F1EFF-8993-4B6F-A170-20AADC34F5DE}.Release|Any CPU.ActiveCfg = Release|Any CPU
		{7A7F1EFF-8993-4B6F-A170-20AADC34F5DE}.Release|Any CPU.Build.0 = Release|Any CPU
	EndGlobalSection
	GlobalSection(SolutionProperties) = preSolution
		HideSolutionNode = FALSE
	EndGlobalSection
	GlobalSection(ExtensibilityGlobals) = postSolution
		SolutionGuid = {DFE4DBEE-A047-4BC9-A444-581D9E5E8DAD}
	EndGlobalSection
EndGlobal
